
Microsoft Visual Studio Solution File, Format Version 12.00
# Visual Studio Version 17
VisualStudioVersion = 17.8.34316.72
MinimumVisualStudioVersion = 10.0.40219.1
Project("{FAE04EC0-301F-11D3-BF4B-00C04F79EFBC}") = "DemoBlazor", "DemoBlazor\DemoBlazor.csproj", "{488393A8-DADC-4B38-BC48-71EBF2C83A6E}"
EndProject
Global
	GlobalSection(SolutionConfigurationPlatforms) = preSolution
		Debug|Any CPU = Debug|Any CPU
		Release|Any CPU = Release|Any CPU
	EndGlobalSection
	GlobalSection(ProjectConfigurationPlatforms) = postSolution
		{488393A8-DADC-4B38-BC48-71EBF2C83A6E}.Debug|Any CPU.ActiveCfg = Debug|Any CPU
		{488393A8-DADC-4B38-BC48-71EBF2C83A6E}.Debug|Any CPU.Build.0 = Debug|Any CPU
		{488393A8-DADC-4B38-BC48-71EBF2C83A6E}.Release|Any CPU.ActiveCfg = Release|Any CPU
		{488393A8-DADC-4B38-BC48-71EBF2C83A6E}.Release|Any CPU.Build.0 = Release|Any CPU
	EndGlobalSection
	GlobalSection(SolutionProperties) = preSolution
		HideSolutionNode = FALSE
	EndGlobalSection
	GlobalSection(ExtensibilityGlobals) = postSolution
		SolutionGuid = {C8D4D2F6-8FFA-4680-A2E6-0ABCCE254032}
	EndGlobalSection
EndGlobal
